
Microsoft Visual Studio Solution File, Format Version 12.00
# Visual Studio 14
VisualStudioVersion = 14.0.24720.0
MinimumVisualStudioVersion = 10.0.40219.1
Project("{FAE04EC0-301F-11D3-BF4B-00C04F79EFBC}") = "ml-project", "ml-project\ml-project.csproj", "{44E4A42B-C5D5-4652-A360-B11F0F133EB7}"
EndProject
Project("{2150E333-8FDC-42A3-9474-1A3956D46DE8}") = "Solution Items", "Solution Items", "{51B993EE-FE3F-44B0-8FA1-C0EEBF2670C8}"
	ProjectSection(SolutionItems) = preProject
		framework\Sources\Accord.NET.ruleset = framework\Sources\Accord.NET.ruleset
		framework\Sources\Accord.NET.testrunconfig = framework\Sources\Accord.NET.testrunconfig
		framework\Sources\Accord.NET.vsmdi = framework\Sources\Accord.NET.vsmdi
		framework\Sources\Building.txt = framework\Sources\Building.txt
		framework\Contributors.txt = framework\Contributors.txt
		framework\Copyright.txt = framework\Copyright.txt
		framework\License.txt = framework\License.txt
		framework\README.txt = framework\README.txt
		framework\Release notes.txt = framework\Release notes.txt
	EndProjectSection
EndProject
Project("{FAE04EC0-301F-11D3-BF4B-00C04F79EFBC}") = "Accord.Math", "framework\Sources\Accord.Math\Accord.Math.csproj", "{F718E9A8-DB62-4785-8C49-4333A60D256A}"
EndProject
Project("{FAE04EC0-301F-11D3-BF4B-00C04F79EFBC}") = "Accord.Neuro", "framework\Sources\Accord.Neuro\Accord.Neuro.csproj", "{179F3045-8757-4F4B-9508-F48327BA11E3}"
EndProject
Project("{FAE04EC0-301F-11D3-BF4B-00C04F79EFBC}") = "Accord.Controls", "framework\Sources\Accord.Controls.Statistics\Accord.Controls.csproj", "{0AB27A20-925C-4556-9FA4-6E2C109E448E}"
EndProject
Project("{FAE04EC0-301F-11D3-BF4B-00C04F79EFBC}") = "Accord.MachineLearning", "framework\Sources\Accord.MachineLearning\Accord.MachineLearning.csproj", "{7AB4BBCC-6222-423D-9FF9-BA9CB7C09199}"
EndProject
Project("{FAE04EC0-301F-11D3-BF4B-00C04F79EFBC}") = "Accord.Core", "framework\Sources\Accord.Core\Accord.Core.csproj", "{A177A90C-8207-466A-AF70-F2B8452A42AC}"
EndProject
Project("{FAE04EC0-301F-11D3-BF4B-00C04F79EFBC}") = "Accord.MachineLearning (GPL)", "framework\Sources\Extras\Accord.MachineLearning.GPL\Accord.MachineLearning (GPL).csproj", "{6DD1A48C-D7A8-4B39-9C06-5A71FEEC70B9}"
EndProject
Project("{2150E333-8FDC-42A3-9474-1A3956D46DE8}") = "Setup", "Setup", "{98CCD2AC-1853-4413-A2C7-B7283715B0FE}"
EndProject
Project("{FAE04EC0-301F-11D3-BF4B-00C04F79EFBC}") = "Accord.Setup", "framework\Setup\Accord.Setup.csproj", "{F00F5E2D-D181-4FCC-8F2E-FDCB90F4721B}"
EndProject
Project("{FAE04EC0-301F-11D3-BF4B-00C04F79EFBC}") = "Accord.Math (Noncommercial)", "framework\Sources\Extras\Accord.Math.NonCommercial\Accord.Math (Noncommercial).csproj", "{1A83AF16-1AC8-45E3-9E7E-FA7248C7CBCB}"
EndProject
Project("{2150E333-8FDC-42A3-9474-1A3956D46DE8}") = "Non-LGPL", "Non-LGPL", "{54EB52AC-52D0-4046-BDB6-276A5C7ED0F4}"
EndProject
Project("{FAE04EC0-301F-11D3-BF4B-00C04F79EFBC}") = "Accord.IO", "framework\Sources\Accord.IO\Accord.IO.csproj", "{63184EBD-6B28-4066-AAEE-5B99431E31F4}"
EndProject
Project("{FAE04EC0-301F-11D3-BF4B-00C04F79EFBC}") = "Accord.Tests.Math (Noncommercial)", "framework\Sources\Extras\Accord.Tests.Math.Noncommercial\Accord.Tests.Math (Noncommercial).csproj", "{4C525826-D64B-4D2D-8BB3-33AF46649B05}"
EndProject
Project("{FAE04EC0-301F-11D3-BF4B-00C04F79EFBC}") = "Accord.Tests.MachineLearning (GPL)", "framework\Sources\Extras\Accord.Tests.MachineLearning.GPL\Accord.Tests.MachineLearning (GPL).csproj", "{944A7FDE-890A-45CE-A958-AAE6553E2E24}"
EndProject
Project("{FAE04EC0-301F-11D3-BF4B-00C04F79EFBC}") = "Accord.Fuzzy", "framework\Sources\Accord.Fuzzy\Accord.Fuzzy.csproj", "{B631038F-E12C-4D0D-8B25-FF7F62FE62D1}"
EndProject
Project("{FAE04EC0-301F-11D3-BF4B-00C04F79EFBC}") = "Accord.Genetic", "framework\Sources\Accord.Genetic\Accord.Genetic.csproj", "{2EFAA327-1789-4438-B9F5-E83ACAE12DB2}"
EndProject
Project("{FAE04EC0-301F-11D3-BF4B-00C04F79EFBC}") = "Accord.Statistics", "framework\Sources\Accord.Statistics\Accord.Statistics.csproj", "{FD8101DD-C95D-42D6-AD44-AE01C25F2811}"
EndProject
Global
	GlobalSection(SolutionConfigurationPlatforms) = preSolution
		Debug|Any CPU = Debug|Any CPU
		Debug|x86 = Debug|x86
		NET35|Any CPU = NET35|Any CPU
		NET35|x86 = NET35|x86
		NET40|Any CPU = NET40|Any CPU
		NET40|x86 = NET40|x86
		NET45|Any CPU = NET45|Any CPU
		NET45|x86 = NET45|x86
		Release|Any CPU = Release|Any CPU
		Release|x86 = Release|x86
	EndGlobalSection
	GlobalSection(ProjectConfigurationPlatforms) = postSolution
		{44E4A42B-C5D5-4652-A360-B11F0F133EB7}.Debug|Any CPU.ActiveCfg = Debug|Any CPU
		{44E4A42B-C5D5-4652-A360-B11F0F133EB7}.Debug|Any CPU.Build.0 = Debug|Any CPU
		{44E4A42B-C5D5-4652-A360-B11F0F133EB7}.Debug|x86.ActiveCfg = Debug|Any CPU
		{44E4A42B-C5D5-4652-A360-B11F0F133EB7}.Debug|x86.Build.0 = Debug|Any CPU
		{44E4A42B-C5D5-4652-A360-B11F0F133EB7}.NET35|Any CPU.ActiveCfg = Release|Any CPU
		{44E4A42B-C5D5-4652-A360-B11F0F133EB7}.NET35|Any CPU.Build.0 = Release|Any CPU
		{44E4A42B-C5D5-4652-A360-B11F0F133EB7}.NET35|x86.ActiveCfg = Release|Any CPU
		{44E4A42B-C5D5-4652-A360-B11F0F133EB7}.NET35|x86.Build.0 = Release|Any CPU
		{44E4A42B-C5D5-4652-A360-B11F0F133EB7}.NET40|Any CPU.ActiveCfg = Release|Any CPU
		{44E4A42B-C5D5-4652-A360-B11F0F133EB7}.NET40|Any CPU.Build.0 = Release|Any CPU
		{44E4A42B-C5D5-4652-A360-B11F0F133EB7}.NET40|x86.ActiveCfg = Release|Any CPU
		{44E4A42B-C5D5-4652-A360-B11F0F133EB7}.NET40|x86.Build.0 = Release|Any CPU
		{44E4A42B-C5D5-4652-A360-B11F0F133EB7}.NET45|Any CPU.ActiveCfg = Release|Any CPU
		{44E4A42B-C5D5-4652-A360-B11F0F133EB7}.NET45|Any CPU.Build.0 = Release|Any CPU
		{44E4A42B-C5D5-4652-A360-B11F0F133EB7}.NET45|x86.ActiveCfg = Release|Any CPU
		{44E4A42B-C5D5-4652-A360-B11F0F133EB7}.NET45|x86.Build.0 = Release|Any CPU
		{44E4A42B-C5D5-4652-A360-B11F0F133EB7}.Release|Any CPU.ActiveCfg = Release|Any CPU
		{44E4A42B-C5D5-4652-A360-B11F0F133EB7}.Release|Any CPU.Build.0 = Release|Any CPU
		{44E4A42B-C5D5-4652-A360-B11F0F133EB7}.Release|x86.ActiveCfg = Release|Any CPU
		{44E4A42B-C5D5-4652-A360-B11F0F133EB7}.Release|x86.Build.0 = Release|Any CPU
		{F718E9A8-DB62-4785-8C49-4333A60D256A}.Debug|Any CPU.ActiveCfg = Debug|Any CPU
		{F718E9A8-DB62-4785-8C49-4333A60D256A}.Debug|Any CPU.Build.0 = Debug|Any CPU
		{F718E9A8-DB62-4785-8C49-4333A60D256A}.Debug|x86.ActiveCfg = Debug|Any CPU
		{F718E9A8-DB62-4785-8C49-4333A60D256A}.Debug|x86.Build.0 = Debug|Any CPU
		{F718E9A8-DB62-4785-8C49-4333A60D256A}.NET35|Any CPU.ActiveCfg = NET35|Any CPU
		{F718E9A8-DB62-4785-8C49-4333A60D256A}.NET35|Any CPU.Build.0 = NET35|Any CPU
		{F718E9A8-DB62-4785-8C49-4333A60D256A}.NET35|x86.ActiveCfg = NET35|Any CPU
		{F718E9A8-DB62-4785-8C49-4333A60D256A}.NET35|x86.Build.0 = NET35|Any CPU
		{F718E9A8-DB62-4785-8C49-4333A60D256A}.NET40|Any CPU.ActiveCfg = NET40|Any CPU
		{F718E9A8-DB62-4785-8C49-4333A60D256A}.NET40|Any CPU.Build.0 = NET40|Any CPU
		{F718E9A8-DB62-4785-8C49-4333A60D256A}.NET40|x86.ActiveCfg = NET40|Any CPU
		{F718E9A8-DB62-4785-8C49-4333A60D256A}.NET40|x86.Build.0 = NET40|Any CPU
		{F718E9A8-DB62-4785-8C49-4333A60D256A}.NET45|Any CPU.ActiveCfg = NET45|Any CPU
		{F718E9A8-DB62-4785-8C49-4333A60D256A}.NET45|Any CPU.Build.0 = NET45|Any CPU
		{F718E9A8-DB62-4785-8C49-4333A60D256A}.NET45|x86.ActiveCfg = NET45|Any CPU
		{F718E9A8-DB62-4785-8C49-4333A60D256A}.NET45|x86.Build.0 = NET45|Any CPU
		{F718E9A8-DB62-4785-8C49-4333A60D256A}.Release|Any CPU.ActiveCfg = NET45|Any CPU
		{F718E9A8-DB62-4785-8C49-4333A60D256A}.Release|Any CPU.Build.0 = NET45|Any CPU
		{F718E9A8-DB62-4785-8C49-4333A60D256A}.Release|x86.ActiveCfg = NET45|Any CPU
		{F718E9A8-DB62-4785-8C49-4333A60D256A}.Release|x86.Build.0 = NET45|Any CPU
		{179F3045-8757-4F4B-9508-F48327BA11E3}.Debug|Any CPU.ActiveCfg = Debug|Any CPU
		{179F3045-8757-4F4B-9508-F48327BA11E3}.Debug|Any CPU.Build.0 = Debug|Any CPU
		{179F3045-8757-4F4B-9508-F48327BA11E3}.Debug|x86.ActiveCfg = Debug|Any CPU
		{179F3045-8757-4F4B-9508-F48327BA11E3}.Debug|x86.Build.0 = Debug|Any CPU
		{179F3045-8757-4F4B-9508-F48327BA11E3}.NET35|Any CPU.ActiveCfg = NET35|Any CPU
		{179F3045-8757-4F4B-9508-F48327BA11E3}.NET35|Any CPU.Build.0 = NET35|Any CPU
		{179F3045-8757-4F4B-9508-F48327BA11E3}.NET35|x86.ActiveCfg = NET35|Any CPU
		{179F3045-8757-4F4B-9508-F48327BA11E3}.NET35|x86.Build.0 = NET35|Any CPU
		{179F3045-8757-4F4B-9508-F48327BA11E3}.NET40|Any CPU.ActiveCfg = NET40|Any CPU
		{179F3045-8757-4F4B-9508-F48327BA11E3}.NET40|Any CPU.Build.0 = NET40|Any CPU
		{179F3045-8757-4F4B-9508-F48327BA11E3}.NET40|x86.ActiveCfg = NET40|Any CPU
		{179F3045-8757-4F4B-9508-F48327BA11E3}.NET40|x86.Build.0 = NET40|Any CPU
		{179F3045-8757-4F4B-9508-F48327BA11E3}.NET45|Any CPU.ActiveCfg = NET45|Any CPU
		{179F3045-8757-4F4B-9508-F48327BA11E3}.NET45|Any CPU.Build.0 = NET45|Any CPU
		{179F3045-8757-4F4B-9508-F48327BA11E3}.NET45|x86.ActiveCfg = NET45|Any CPU
		{179F3045-8757-4F4B-9508-F48327BA11E3}.NET45|x86.Build.0 = NET45|Any CPU
		{179F3045-8757-4F4B-9508-F48327BA11E3}.Release|Any CPU.ActiveCfg = NET45|Any CPU
		{179F3045-8757-4F4B-9508-F48327BA11E3}.Release|Any CPU.Build.0 = NET45|Any CPU
		{179F3045-8757-4F4B-9508-F48327BA11E3}.Release|x86.ActiveCfg = NET45|Any CPU
		{179F3045-8757-4F4B-9508-F48327BA11E3}.Release|x86.Build.0 = NET45|Any CPU
		{0AB27A20-925C-4556-9FA4-6E2C109E448E}.Debug|Any CPU.ActiveCfg = Debug|Any CPU
		{0AB27A20-925C-4556-9FA4-6E2C109E448E}.Debug|Any CPU.Build.0 = Debug|Any CPU
		{0AB27A20-925C-4556-9FA4-6E2C109E448E}.Debug|x86.ActiveCfg = Debug|Any CPU
		{0AB27A20-925C-4556-9FA4-6E2C109E448E}.Debug|x86.Build.0 = Debug|Any CPU
		{0AB27A20-925C-4556-9FA4-6E2C109E448E}.NET35|Any CPU.ActiveCfg = NET35|Any CPU
		{0AB27A20-925C-4556-9FA4-6E2C109E448E}.NET35|Any CPU.Build.0 = NET35|Any CPU
		{0AB27A20-925C-4556-9FA4-6E2C109E448E}.NET35|x86.ActiveCfg = NET35|Any CPU
		{0AB27A20-925C-4556-9FA4-6E2C109E448E}.NET35|x86.Build.0 = NET35|Any CPU
		{0AB27A20-925C-4556-9FA4-6E2C109E448E}.NET40|Any CPU.ActiveCfg = NET40|Any CPU
		{0AB27A20-925C-4556-9FA4-6E2C109E448E}.NET40|Any CPU.Build.0 = NET40|Any CPU
		{0AB27A20-925C-4556-9FA4-6E2C109E448E}.NET40|x86.ActiveCfg = NET40|Any CPU
		{0AB27A20-925C-4556-9FA4-6E2C109E448E}.NET40|x86.Build.0 = NET40|Any CPU
		{0AB27A20-925C-4556-9FA4-6E2C109E448E}.NET45|Any CPU.ActiveCfg = NET45|Any CPU
		{0AB27A20-925C-4556-9FA4-6E2C109E448E}.NET45|Any CPU.Build.0 = NET45|Any CPU
		{0AB27A20-925C-4556-9FA4-6E2C109E448E}.NET45|x86.ActiveCfg = NET45|Any CPU
		{0AB27A20-925C-4556-9FA4-6E2C109E448E}.NET45|x86.Build.0 = NET45|Any CPU
		{0AB27A20-925C-4556-9FA4-6E2C109E448E}.Release|Any CPU.ActiveCfg = NET45|Any CPU
		{0AB27A20-925C-4556-9FA4-6E2C109E448E}.Release|Any CPU.Build.0 = NET45|Any CPU
		{0AB27A20-925C-4556-9FA4-6E2C109E448E}.Release|x86.ActiveCfg = NET45|Any CPU
		{0AB27A20-925C-4556-9FA4-6E2C109E448E}.Release|x86.Build.0 = NET45|Any CPU
		{7AB4BBCC-6222-423D-9FF9-BA9CB7C09199}.Debug|Any CPU.ActiveCfg = Debug|Any CPU
		{7AB4BBCC-6222-423D-9FF9-BA9CB7C09199}.Debug|Any CPU.Build.0 = Debug|Any CPU
		{7AB4BBCC-6222-423D-9FF9-BA9CB7C09199}.Debug|x86.ActiveCfg = Debug|Any CPU
		{7AB4BBCC-6222-423D-9FF9-BA9CB7C09199}.Debug|x86.Build.0 = Debug|Any CPU
		{7AB4BBCC-6222-423D-9FF9-BA9CB7C09199}.NET35|Any CPU.ActiveCfg = NET35|Any CPU
		{7AB4BBCC-6222-423D-9FF9-BA9CB7C09199}.NET35|Any CPU.Build.0 = NET35|Any CPU
		{7AB4BBCC-6222-423D-9FF9-BA9CB7C09199}.NET35|x86.ActiveCfg = NET35|Any CPU
		{7AB4BBCC-6222-423D-9FF9-BA9CB7C09199}.NET35|x86.Build.0 = NET35|Any CPU
		{7AB4BBCC-6222-423D-9FF9-BA9CB7C09199}.NET40|Any CPU.ActiveCfg = NET40|Any CPU
		{7AB4BBCC-6222-423D-9FF9-BA9CB7C09199}.NET40|Any CPU.Build.0 = NET40|Any CPU
		{7AB4BBCC-6222-423D-9FF9-BA9CB7C09199}.NET40|x86.ActiveCfg = NET40|Any CPU
		{7AB4BBCC-6222-423D-9FF9-BA9CB7C09199}.NET40|x86.Build.0 = NET40|Any CPU
		{7AB4BBCC-6222-423D-9FF9-BA9CB7C09199}.NET45|Any CPU.ActiveCfg = NET45|Any CPU
		{7AB4BBCC-6222-423D-9FF9-BA9CB7C09199}.NET45|Any CPU.Build.0 = NET45|Any CPU
		{7AB4BBCC-6222-423D-9FF9-BA9CB7C09199}.NET45|x86.ActiveCfg = NET45|Any CPU
		{7AB4BBCC-6222-423D-9FF9-BA9CB7C09199}.NET45|x86.Build.0 = NET45|Any CPU
		{7AB4BBCC-6222-423D-9FF9-BA9CB7C09199}.Release|Any CPU.ActiveCfg = NET45|Any CPU
		{7AB4BBCC-6222-423D-9FF9-BA9CB7C09199}.Release|Any CPU.Build.0 = NET45|Any CPU
		{7AB4BBCC-6222-423D-9FF9-BA9CB7C09199}.Release|x86.ActiveCfg = NET45|Any CPU
		{7AB4BBCC-6222-423D-9FF9-BA9CB7C09199}.Release|x86.Build.0 = NET45|Any CPU
		{A177A90C-8207-466A-AF70-F2B8452A42AC}.Debug|Any CPU.ActiveCfg = Debug|Any CPU
		{A177A90C-8207-466A-AF70-F2B8452A42AC}.Debug|Any CPU.Build.0 = Debug|Any CPU
		{A177A90C-8207-466A-AF70-F2B8452A42AC}.Debug|x86.ActiveCfg = Debug|Any CPU
		{A177A90C-8207-466A-AF70-F2B8452A42AC}.Debug|x86.Build.0 = Debug|Any CPU
		{A177A90C-8207-466A-AF70-F2B8452A42AC}.NET35|Any CPU.ActiveCfg = NET35|Any CPU
		{A177A90C-8207-466A-AF70-F2B8452A42AC}.NET35|Any CPU.Build.0 = NET35|Any CPU
		{A177A90C-8207-466A-AF70-F2B8452A42AC}.NET35|x86.ActiveCfg = NET35|Any CPU
		{A177A90C-8207-466A-AF70-F2B8452A42AC}.NET35|x86.Build.0 = NET35|Any CPU
		{A177A90C-8207-466A-AF70-F2B8452A42AC}.NET40|Any CPU.ActiveCfg = NET40|Any CPU
		{A177A90C-8207-466A-AF70-F2B8452A42AC}.NET40|Any CPU.Build.0 = NET40|Any CPU
		{A177A90C-8207-466A-AF70-F2B8452A42AC}.NET40|x86.ActiveCfg = NET40|Any CPU
		{A177A90C-8207-466A-AF70-F2B8452A42AC}.NET40|x86.Build.0 = NET40|Any CPU
		{A177A90C-8207-466A-AF70-F2B8452A42AC}.NET45|Any CPU.ActiveCfg = NET45|Any CPU
		{A177A90C-8207-466A-AF70-F2B8452A42AC}.NET45|Any CPU.Build.0 = NET45|Any CPU
		{A177A90C-8207-466A-AF70-F2B8452A42AC}.NET45|x86.ActiveCfg = NET45|Any CPU
		{A177A90C-8207-466A-AF70-F2B8452A42AC}.NET45|x86.Build.0 = NET45|Any CPU
		{A177A90C-8207-466A-AF70-F2B8452A42AC}.Release|Any CPU.ActiveCfg = NET45|Any CPU
		{A177A90C-8207-466A-AF70-F2B8452A42AC}.Release|Any CPU.Build.0 = NET45|Any CPU
		{A177A90C-8207-466A-AF70-F2B8452A42AC}.Release|x86.ActiveCfg = NET45|Any CPU
		{A177A90C-8207-466A-AF70-F2B8452A42AC}.Release|x86.Build.0 = NET45|Any CPU
		{6DD1A48C-D7A8-4B39-9C06-5A71FEEC70B9}.Debug|Any CPU.ActiveCfg = Debug|Any CPU
		{6DD1A48C-D7A8-4B39-9C06-5A71FEEC70B9}.Debug|Any CPU.Build.0 = Debug|Any CPU
		{6DD1A48C-D7A8-4B39-9C06-5A71FEEC70B9}.Debug|x86.ActiveCfg = Debug|Any CPU
		{6DD1A48C-D7A8-4B39-9C06-5A71FEEC70B9}.Debug|x86.Build.0 = Debug|Any CPU
		{6DD1A48C-D7A8-4B39-9C06-5A71FEEC70B9}.NET35|Any CPU.ActiveCfg = NET35|Any CPU
		{6DD1A48C-D7A8-4B39-9C06-5A71FEEC70B9}.NET35|Any CPU.Build.0 = NET35|Any CPU
		{6DD1A48C-D7A8-4B39-9C06-5A71FEEC70B9}.NET35|x86.ActiveCfg = NET35|Any CPU
		{6DD1A48C-D7A8-4B39-9C06-5A71FEEC70B9}.NET35|x86.Build.0 = NET35|Any CPU
		{6DD1A48C-D7A8-4B39-9C06-5A71FEEC70B9}.NET40|Any CPU.ActiveCfg = NET40|Any CPU
		{6DD1A48C-D7A8-4B39-9C06-5A71FEEC70B9}.NET40|Any CPU.Build.0 = NET40|Any CPU
		{6DD1A48C-D7A8-4B39-9C06-5A71FEEC70B9}.NET40|x86.ActiveCfg = NET40|Any CPU
		{6DD1A48C-D7A8-4B39-9C06-5A71FEEC70B9}.NET40|x86.Build.0 = NET40|Any CPU
		{6DD1A48C-D7A8-4B39-9C06-5A71FEEC70B9}.NET45|Any CPU.ActiveCfg = NET45|Any CPU
		{6DD1A48C-D7A8-4B39-9C06-5A71FEEC70B9}.NET45|Any CPU.Build.0 = NET45|Any CPU
		{6DD1A48C-D7A8-4B39-9C06-5A71FEEC70B9}.NET45|x86.ActiveCfg = NET45|Any CPU
		{6DD1A48C-D7A8-4B39-9C06-5A71FEEC70B9}.NET45|x86.Build.0 = NET45|Any CPU
		{6DD1A48C-D7A8-4B39-9C06-5A71FEEC70B9}.Release|Any CPU.ActiveCfg = NET45|Any CPU
		{6DD1A48C-D7A8-4B39-9C06-5A71FEEC70B9}.Release|Any CPU.Build.0 = NET45|Any CPU
		{6DD1A48C-D7A8-4B39-9C06-5A71FEEC70B9}.Release|x86.ActiveCfg = NET45|Any CPU
		{6DD1A48C-D7A8-4B39-9C06-5A71FEEC70B9}.Release|x86.Build.0 = NET45|Any CPU
		{F00F5E2D-D181-4FCC-8F2E-FDCB90F4721B}.Debug|Any CPU.ActiveCfg = Debug|Any CPU
		{F00F5E2D-D181-4FCC-8F2E-FDCB90F4721B}.Debug|x86.ActiveCfg = Debug|Any CPU
		{F00F5E2D-D181-4FCC-8F2E-FDCB90F4721B}.Debug|x86.Build.0 = Debug|Any CPU
		{F00F5E2D-D181-4FCC-8F2E-FDCB90F4721B}.NET35|Any CPU.ActiveCfg = Debug|Any CPU
		{F00F5E2D-D181-4FCC-8F2E-FDCB90F4721B}.NET35|x86.ActiveCfg = Debug|Any CPU
		{F00F5E2D-D181-4FCC-8F2E-FDCB90F4721B}.NET35|x86.Build.0 = Debug|Any CPU
		{F00F5E2D-D181-4FCC-8F2E-FDCB90F4721B}.NET40|Any CPU.ActiveCfg = Debug|Any CPU
		{F00F5E2D-D181-4FCC-8F2E-FDCB90F4721B}.NET40|x86.ActiveCfg = Debug|Any CPU
		{F00F5E2D-D181-4FCC-8F2E-FDCB90F4721B}.NET40|x86.Build.0 = Debug|Any CPU
		{F00F5E2D-D181-4FCC-8F2E-FDCB90F4721B}.NET45|Any CPU.ActiveCfg = Debug|Any CPU
		{F00F5E2D-D181-4FCC-8F2E-FDCB90F4721B}.NET45|x86.ActiveCfg = Debug|Any CPU
		{F00F5E2D-D181-4FCC-8F2E-FDCB90F4721B}.NET45|x86.Build.0 = Debug|Any CPU
		{F00F5E2D-D181-4FCC-8F2E-FDCB90F4721B}.Release|Any CPU.ActiveCfg = Debug|Any CPU
		{F00F5E2D-D181-4FCC-8F2E-FDCB90F4721B}.Release|Any CPU.Build.0 = Debug|Any CPU
		{F00F5E2D-D181-4FCC-8F2E-FDCB90F4721B}.Release|x86.ActiveCfg = Debug|Any CPU
		{F00F5E2D-D181-4FCC-8F2E-FDCB90F4721B}.Release|x86.Build.0 = Debug|Any CPU
		{1A83AF16-1AC8-45E3-9E7E-FA7248C7CBCB}.Debug|Any CPU.ActiveCfg = Debug|Any CPU
		{1A83AF16-1AC8-45E3-9E7E-FA7248C7CBCB}.Debug|Any CPU.Build.0 = Debug|Any CPU
		{1A83AF16-1AC8-45E3-9E7E-FA7248C7CBCB}.Debug|x86.ActiveCfg = Debug|Any CPU
		{1A83AF16-1AC8-45E3-9E7E-FA7248C7CBCB}.Debug|x86.Build.0 = Debug|Any CPU
		{1A83AF16-1AC8-45E3-9E7E-FA7248C7CBCB}.NET35|Any CPU.ActiveCfg = NET35|Any CPU
		{1A83AF16-1AC8-45E3-9E7E-FA7248C7CBCB}.NET35|Any CPU.Build.0 = NET35|Any CPU
		{1A83AF16-1AC8-45E3-9E7E-FA7248C7CBCB}.NET35|x86.ActiveCfg = NET35|Any CPU
		{1A83AF16-1AC8-45E3-9E7E-FA7248C7CBCB}.NET35|x86.Build.0 = NET35|Any CPU
		{1A83AF16-1AC8-45E3-9E7E-FA7248C7CBCB}.NET40|Any CPU.ActiveCfg = NET40|Any CPU
		{1A83AF16-1AC8-45E3-9E7E-FA7248C7CBCB}.NET40|Any CPU.Build.0 = NET40|Any CPU
		{1A83AF16-1AC8-45E3-9E7E-FA7248C7CBCB}.NET40|x86.ActiveCfg = NET40|Any CPU
		{1A83AF16-1AC8-45E3-9E7E-FA7248C7CBCB}.NET40|x86.Build.0 = NET40|Any CPU
		{1A83AF16-1AC8-45E3-9E7E-FA7248C7CBCB}.NET45|Any CPU.ActiveCfg = NET45|Any CPU
		{1A83AF16-1AC8-45E3-9E7E-FA7248C7CBCB}.NET45|Any CPU.Build.0 = NET45|Any CPU
		{1A83AF16-1AC8-45E3-9E7E-FA7248C7CBCB}.NET45|x86.ActiveCfg = NET45|Any CPU
		{1A83AF16-1AC8-45E3-9E7E-FA7248C7CBCB}.NET45|x86.Build.0 = NET45|Any CPU
		{1A83AF16-1AC8-45E3-9E7E-FA7248C7CBCB}.Release|Any CPU.ActiveCfg = NET45|Any CPU
		{1A83AF16-1AC8-45E3-9E7E-FA7248C7CBCB}.Release|Any CPU.Build.0 = NET45|Any CPU
		{1A83AF16-1AC8-45E3-9E7E-FA7248C7CBCB}.Release|x86.ActiveCfg = NET45|Any CPU
		{1A83AF16-1AC8-45E3-9E7E-FA7248C7CBCB}.Release|x86.Build.0 = NET45|Any CPU
		{63184EBD-6B28-4066-AAEE-5B99431E31F4}.Debug|Any CPU.ActiveCfg = Debug|Any CPU
		{63184EBD-6B28-4066-AAEE-5B99431E31F4}.Debug|Any CPU.Build.0 = Debug|Any CPU
		{63184EBD-6B28-4066-AAEE-5B99431E31F4}.Debug|x86.ActiveCfg = Debug|Any CPU
		{63184EBD-6B28-4066-AAEE-5B99431E31F4}.Debug|x86.Build.0 = Debug|Any CPU
		{63184EBD-6B28-4066-AAEE-5B99431E31F4}.NET35|Any CPU.ActiveCfg = NET35|Any CPU
		{63184EBD-6B28-4066-AAEE-5B99431E31F4}.NET35|Any CPU.Build.0 = NET35|Any CPU
		{63184EBD-6B28-4066-AAEE-5B99431E31F4}.NET35|x86.ActiveCfg = NET35|Any CPU
		{63184EBD-6B28-4066-AAEE-5B99431E31F4}.NET35|x86.Build.0 = NET35|Any CPU
		{63184EBD-6B28-4066-AAEE-5B99431E31F4}.NET40|Any CPU.ActiveCfg = NET40|Any CPU
		{63184EBD-6B28-4066-AAEE-5B99431E31F4}.NET40|Any CPU.Build.0 = NET40|Any CPU
		{63184EBD-6B28-4066-AAEE-5B99431E31F4}.NET40|x86.ActiveCfg = NET40|Any CPU
		{63184EBD-6B28-4066-AAEE-5B99431E31F4}.NET40|x86.Build.0 = NET40|Any CPU
		{63184EBD-6B28-4066-AAEE-5B99431E31F4}.NET45|Any CPU.ActiveCfg = NET45|Any CPU
		{63184EBD-6B28-4066-AAEE-5B99431E31F4}.NET45|Any CPU.Build.0 = NET45|Any CPU
		{63184EBD-6B28-4066-AAEE-5B99431E31F4}.NET45|x86.ActiveCfg = NET45|Any CPU
		{63184EBD-6B28-4066-AAEE-5B99431E31F4}.NET45|x86.Build.0 = NET45|Any CPU
		{63184EBD-6B28-4066-AAEE-5B99431E31F4}.Release|Any CPU.ActiveCfg = NET45|Any CPU
		{63184EBD-6B28-4066-AAEE-5B99431E31F4}.Release|Any CPU.Build.0 = NET45|Any CPU
		{63184EBD-6B28-4066-AAEE-5B99431E31F4}.Release|x86.ActiveCfg = NET45|Any CPU
		{63184EBD-6B28-4066-AAEE-5B99431E31F4}.Release|x86.Build.0 = NET45|Any CPU
		{4C525826-D64B-4D2D-8BB3-33AF46649B05}.Debug|Any CPU.ActiveCfg = Debug|Any CPU
		{4C525826-D64B-4D2D-8BB3-33AF46649B05}.Debug|Any CPU.Build.0 = Debug|Any CPU
		{4C525826-D64B-4D2D-8BB3-33AF46649B05}.Debug|x86.ActiveCfg = Debug|Any CPU
		{4C525826-D64B-4D2D-8BB3-33AF46649B05}.Debug|x86.Build.0 = Debug|Any CPU
		{4C525826-D64B-4D2D-8BB3-33AF46649B05}.NET35|Any CPU.ActiveCfg = NET35|Any CPU
		{4C525826-D64B-4D2D-8BB3-33AF46649B05}.NET35|Any CPU.Build.0 = NET35|Any CPU
		{4C525826-D64B-4D2D-8BB3-33AF46649B05}.NET35|x86.ActiveCfg = NET35|Any CPU
		{4C525826-D64B-4D2D-8BB3-33AF46649B05}.NET35|x86.Build.0 = NET35|Any CPU
		{4C525826-D64B-4D2D-8BB3-33AF46649B05}.NET40|Any CPU.ActiveCfg = NET40|Any CPU
		{4C525826-D64B-4D2D-8BB3-33AF46649B05}.NET40|Any CPU.Build.0 = NET40|Any CPU
		{4C525826-D64B-4D2D-8BB3-33AF46649B05}.NET40|x86.ActiveCfg = NET40|Any CPU
		{4C525826-D64B-4D2D-8BB3-33AF46649B05}.NET40|x86.Build.0 = NET40|Any CPU
		{4C525826-D64B-4D2D-8BB3-33AF46649B05}.NET45|Any CPU.ActiveCfg = NET45|Any CPU
		{4C525826-D64B-4D2D-8BB3-33AF46649B05}.NET45|Any CPU.Build.0 = NET45|Any CPU
		{4C525826-D64B-4D2D-8BB3-33AF46649B05}.NET45|x86.ActiveCfg = NET45|Any CPU
		{4C525826-D64B-4D2D-8BB3-33AF46649B05}.NET45|x86.Build.0 = NET45|Any CPU
		{4C525826-D64B-4D2D-8BB3-33AF46649B05}.Release|Any CPU.ActiveCfg = NET45|Any CPU
		{4C525826-D64B-4D2D-8BB3-33AF46649B05}.Release|Any CPU.Build.0 = NET45|Any CPU
		{4C525826-D64B-4D2D-8BB3-33AF46649B05}.Release|x86.ActiveCfg = NET45|Any CPU
		{4C525826-D64B-4D2D-8BB3-33AF46649B05}.Release|x86.Build.0 = NET45|Any CPU
		{944A7FDE-890A-45CE-A958-AAE6553E2E24}.Debug|Any CPU.ActiveCfg = Debug|Any CPU
		{944A7FDE-890A-45CE-A958-AAE6553E2E24}.Debug|Any CPU.Build.0 = Debug|Any CPU
		{944A7FDE-890A-45CE-A958-AAE6553E2E24}.Debug|x86.ActiveCfg = Debug|Any CPU
		{944A7FDE-890A-45CE-A958-AAE6553E2E24}.Debug|x86.Build.0 = Debug|Any CPU
		{944A7FDE-890A-45CE-A958-AAE6553E2E24}.NET35|Any CPU.ActiveCfg = NET35|Any CPU
		{944A7FDE-890A-45CE-A958-AAE6553E2E24}.NET35|Any CPU.Build.0 = NET35|Any CPU
		{944A7FDE-890A-45CE-A958-AAE6553E2E24}.NET35|x86.ActiveCfg = NET35|Any CPU
		{944A7FDE-890A-45CE-A958-AAE6553E2E24}.NET35|x86.Build.0 = NET35|Any CPU
		{944A7FDE-890A-45CE-A958-AAE6553E2E24}.NET40|Any CPU.ActiveCfg = NET40|Any CPU
		{944A7FDE-890A-45CE-A958-AAE6553E2E24}.NET40|Any CPU.Build.0 = NET40|Any CPU
		{944A7FDE-890A-45CE-A958-AAE6553E2E24}.NET40|x86.ActiveCfg = NET40|Any CPU
		{944A7FDE-890A-45CE-A958-AAE6553E2E24}.NET40|x86.Build.0 = NET40|Any CPU
		{944A7FDE-890A-45CE-A958-AAE6553E2E24}.NET45|Any CPU.ActiveCfg = NET45|Any CPU
		{944A7FDE-890A-45CE-A958-AAE6553E2E24}.NET45|Any CPU.Build.0 = NET45|Any CPU
		{944A7FDE-890A-45CE-A958-AAE6553E2E24}.NET45|x86.ActiveCfg = NET45|Any CPU
		{944A7FDE-890A-45CE-A958-AAE6553E2E24}.NET45|x86.Build.0 = NET45|Any CPU
		{944A7FDE-890A-45CE-A958-AAE6553E2E24}.Release|Any CPU.ActiveCfg = NET45|Any CPU
		{944A7FDE-890A-45CE-A958-AAE6553E2E24}.Release|Any CPU.Build.0 = NET45|Any CPU
		{944A7FDE-890A-45CE-A958-AAE6553E2E24}.Release|x86.ActiveCfg = NET45|Any CPU
		{944A7FDE-890A-45CE-A958-AAE6553E2E24}.Release|x86.Build.0 = NET45|Any CPU
		{B631038F-E12C-4D0D-8B25-FF7F62FE62D1}.Debug|Any CPU.ActiveCfg = Debug|Any CPU
		{B631038F-E12C-4D0D-8B25-FF7F62FE62D1}.Debug|Any CPU.Build.0 = Debug|Any CPU
		{B631038F-E12C-4D0D-8B25-FF7F62FE62D1}.Debug|x86.ActiveCfg = Debug|Any CPU
		{B631038F-E12C-4D0D-8B25-FF7F62FE62D1}.Debug|x86.Build.0 = Debug|Any CPU
		{B631038F-E12C-4D0D-8B25-FF7F62FE62D1}.NET35|Any CPU.ActiveCfg = NET35|Any CPU
		{B631038F-E12C-4D0D-8B25-FF7F62FE62D1}.NET35|Any CPU.Build.0 = NET35|Any CPU
		{B631038F-E12C-4D0D-8B25-FF7F62FE62D1}.NET35|x86.ActiveCfg = NET35|Any CPU
		{B631038F-E12C-4D0D-8B25-FF7F62FE62D1}.NET35|x86.Build.0 = NET35|Any CPU
		{B631038F-E12C-4D0D-8B25-FF7F62FE62D1}.NET40|Any CPU.ActiveCfg = NET40|Any CPU
		{B631038F-E12C-4D0D-8B25-FF7F62FE62D1}.NET40|Any CPU.Build.0 = NET40|Any CPU
		{B631038F-E12C-4D0D-8B25-FF7F62FE62D1}.NET40|x86.ActiveCfg = NET40|Any CPU
		{B631038F-E12C-4D0D-8B25-FF7F62FE62D1}.NET40|x86.Build.0 = NET40|Any CPU
		{B631038F-E12C-4D0D-8B25-FF7F62FE62D1}.NET45|Any CPU.ActiveCfg = NET45|Any CPU
		{B631038F-E12C-4D0D-8B25-FF7F62FE62D1}.NET45|Any CPU.Build.0 = NET45|Any CPU
		{B631038F-E12C-4D0D-8B25-FF7F62FE62D1}.NET45|x86.ActiveCfg = NET45|Any CPU
		{B631038F-E12C-4D0D-8B25-FF7F62FE62D1}.NET45|x86.Build.0 = NET45|Any CPU
		{B631038F-E12C-4D0D-8B25-FF7F62FE62D1}.Release|Any CPU.ActiveCfg = NET45|Any CPU
		{B631038F-E12C-4D0D-8B25-FF7F62FE62D1}.Release|Any CPU.Build.0 = NET45|Any CPU
		{B631038F-E12C-4D0D-8B25-FF7F62FE62D1}.Release|x86.ActiveCfg = NET45|Any CPU
		{B631038F-E12C-4D0D-8B25-FF7F62FE62D1}.Release|x86.Build.0 = NET45|Any CPU
		{2EFAA327-1789-4438-B9F5-E83ACAE12DB2}.Debug|Any CPU.ActiveCfg = Debug|Any CPU
		{2EFAA327-1789-4438-B9F5-E83ACAE12DB2}.Debug|Any CPU.Build.0 = Debug|Any CPU
		{2EFAA327-1789-4438-B9F5-E83ACAE12DB2}.Debug|x86.ActiveCfg = Debug|Any CPU
		{2EFAA327-1789-4438-B9F5-E83ACAE12DB2}.Debug|x86.Build.0 = Debug|Any CPU
		{2EFAA327-1789-4438-B9F5-E83ACAE12DB2}.NET35|Any CPU.ActiveCfg = NET35|Any CPU
		{2EFAA327-1789-4438-B9F5-E83ACAE12DB2}.NET35|Any CPU.Build.0 = NET35|Any CPU
		{2EFAA327-1789-4438-B9F5-E83ACAE12DB2}.NET35|x86.ActiveCfg = NET35|Any CPU
		{2EFAA327-1789-4438-B9F5-E83ACAE12DB2}.NET35|x86.Build.0 = NET35|Any CPU
		{2EFAA327-1789-4438-B9F5-E83ACAE12DB2}.NET40|Any CPU.ActiveCfg = NET40|Any CPU
		{2EFAA327-1789-4438-B9F5-E83ACAE12DB2}.NET40|Any CPU.Build.0 = NET40|Any CPU
		{2EFAA327-1789-4438-B9F5-E83ACAE12DB2}.NET40|x86.ActiveCfg = NET40|Any CPU
		{2EFAA327-1789-4438-B9F5-E83ACAE12DB2}.NET40|x86.Build.0 = NET40|Any CPU
		{2EFAA327-1789-4438-B9F5-E83ACAE12DB2}.NET45|Any CPU.ActiveCfg = NET45|Any CPU
		{2EFAA327-1789-4438-B9F5-E83ACAE12DB2}.NET45|Any CPU.Build.0 = NET45|Any CPU
		{2EFAA327-1789-4438-B9F5-E83ACAE12DB2}.NET45|x86.ActiveCfg = NET45|Any CPU
		{2EFAA327-1789-4438-B9F5-E83ACAE12DB2}.NET45|x86.Build.0 = NET45|Any CPU
		{2EFAA327-1789-4438-B9F5-E83ACAE12DB2}.Release|Any CPU.ActiveCfg = NET45|Any CPU
		{2EFAA327-1789-4438-B9F5-E83ACAE12DB2}.Release|Any CPU.Build.0 = NET45|Any CPU
		{2EFAA327-1789-4438-B9F5-E83ACAE12DB2}.Release|x86.ActiveCfg = NET45|Any CPU
		{2EFAA327-1789-4438-B9F5-E83ACAE12DB2}.Release|x86.Build.0 = NET45|Any CPU
		{FD8101DD-C95D-42D6-AD44-AE01C25F2811}.Debug|Any CPU.ActiveCfg = Debug|Any CPU
		{FD8101DD-C95D-42D6-AD44-AE01C25F2811}.Debug|Any CPU.Build.0 = Debug|Any CPU
		{FD8101DD-C95D-42D6-AD44-AE01C25F2811}.Debug|x86.ActiveCfg = Debug|Any CPU
		{FD8101DD-C95D-42D6-AD44-AE01C25F2811}.Debug|x86.Build.0 = Debug|Any CPU
		{FD8101DD-C95D-42D6-AD44-AE01C25F2811}.NET35|Any CPU.ActiveCfg = NET35|Any CPU
		{FD8101DD-C95D-42D6-AD44-AE01C25F2811}.NET35|Any CPU.Build.0 = NET35|Any CPU
		{FD8101DD-C95D-42D6-AD44-AE01C25F2811}.NET35|x86.ActiveCfg = NET35|Any CPU
		{FD8101DD-C95D-42D6-AD44-AE01C25F2811}.NET35|x86.Build.0 = NET35|Any CPU
		{FD8101DD-C95D-42D6-AD44-AE01C25F2811}.NET40|Any CPU.ActiveCfg = NET40|Any CPU
		{FD8101DD-C95D-42D6-AD44-AE01C25F2811}.NET40|Any CPU.Build.0 = NET40|Any CPU
		{FD8101DD-C95D-42D6-AD44-AE01C25F2811}.NET40|x86.ActiveCfg = NET40|Any CPU
		{FD8101DD-C95D-42D6-AD44-AE01C25F2811}.NET40|x86.Build.0 = NET40|Any CPU
		{FD8101DD-C95D-42D6-AD44-AE01C25F2811}.NET45|Any CPU.ActiveCfg = NET45|Any CPU
		{FD8101DD-C95D-42D6-AD44-AE01C25F2811}.NET45|Any CPU.Build.0 = NET45|Any CPU
		{FD8101DD-C95D-42D6-AD44-AE01C25F2811}.NET45|x86.ActiveCfg = NET45|Any CPU
		{FD8101DD-C95D-42D6-AD44-AE01C25F2811}.NET45|x86.Build.0 = NET45|Any CPU
		{FD8101DD-C95D-42D6-AD44-AE01C25F2811}.Release|Any CPU.ActiveCfg = NET45|Any CPU
		{FD8101DD-C95D-42D6-AD44-AE01C25F2811}.Release|Any CPU.Build.0 = NET45|Any CPU
		{FD8101DD-C95D-42D6-AD44-AE01C25F2811}.Release|x86.ActiveCfg = NET45|Any CPU
		{FD8101DD-C95D-42D6-AD44-AE01C25F2811}.Release|x86.Build.0 = NET45|Any CPU
	EndGlobalSection
	GlobalSection(SolutionProperties) = preSolution
		HideSolutionNode = FALSE
	EndGlobalSection
	GlobalSection(NestedProjects) = preSolution
		{6DD1A48C-D7A8-4B39-9C06-5A71FEEC70B9} = {54EB52AC-52D0-4046-BDB6-276A5C7ED0F4}
		{F00F5E2D-D181-4FCC-8F2E-FDCB90F4721B} = {98CCD2AC-1853-4413-A2C7-B7283715B0FE}
		{1A83AF16-1AC8-45E3-9E7E-FA7248C7CBCB} = {54EB52AC-52D0-4046-BDB6-276A5C7ED0F4}
		{4C525826-D64B-4D2D-8BB3-33AF46649B05} = {54EB52AC-52D0-4046-BDB6-276A5C7ED0F4}
		{944A7FDE-890A-45CE-A958-AAE6553E2E24} = {54EB52AC-52D0-4046-BDB6-276A5C7ED0F4}
	EndGlobalSection
	GlobalSection(TestCaseManagementSettings) = postSolution
		CategoryFile = Accord.NET.vsmdi
	EndGlobalSection
EndGlobal
